
Microsoft Visual Studio Solution File, Format Version 12.00
# Visual Studio Version 17
VisualStudioVersion = 17.9.34723.18
MinimumVisualStudioVersion = 10.0.40219.1
Project("{FAE04EC0-301F-11D3-BF4B-00C04F79EFBC}") = "PetStore", "PetStore\PetStore.csproj", "{63385A56-A2A2-4BD1-8697-C49C3E979EFA}"
EndProject
Global
	GlobalSection(SolutionConfigurationPlatforms) = preSolution
		Debug|Any CPU = Debug|Any CPU
		Release|Any CPU = Release|Any CPU
	EndGlobalSection
	GlobalSection(ProjectConfigurationPlatforms) = postSolution
		{63385A56-A2A2-4BD1-8697-C49C3E979EFA}.Debug|Any CPU.ActiveCfg = Debug|Any CPU
		{63385A56-A2A2-4BD1-8697-C49C3E979EFA}.Debug|Any CPU.Build.0 = Debug|Any CPU
		{63385A56-A2A2-4BD1-8697-C49C3E979EFA}.Release|Any CPU.ActiveCfg = Release|Any CPU
		{63385A56-A2A2-4BD1-8697-C49C3E979EFA}.Release|Any CPU.Build.0 = Release|Any CPU
	EndGlobalSection
	GlobalSection(SolutionProperties) = preSolution
		HideSolutionNode = FALSE
	EndGlobalSection
	GlobalSection(ExtensibilityGlobals) = postSolution
		SolutionGuid = {D93603DF-2B49-431A-8D5C-FB74758DF5D1}
	EndGlobalSection
EndGlobal
